
Microsoft Visual Studio Solution File, Format Version 11.00
# Visual Studio 2010
Project("{FAE04EC0-301F-11D3-BF4B-00C04F79EFBC}") = "telemetrics-moco", "Assembly-CSharp.csproj", "{2855E50E-26DF-F62A-6B04-8D83F5BC2AD3}"
EndProject
Global
	GlobalSection(SolutionConfigurationPlatforms) = preSolution
		Debug|Any CPU = Debug|Any CPU
		Release|Any CPU = Release|Any CPU
	EndGlobalSection
	GlobalSection(ProjectConfigurationPlatforms) = postSolution
		{2855E50E-26DF-F62A-6B04-8D83F5BC2AD3}.Debug|Any CPU.ActiveCfg = Debug|Any CPU
		{2855E50E-26DF-F62A-6B04-8D83F5BC2AD3}.Debug|Any CPU.Build.0 = Debug|Any CPU
		{2855E50E-26DF-F62A-6B04-8D83F5BC2AD3}.Release|Any CPU.ActiveCfg = Release|Any CPU
		{2855E50E-26DF-F62A-6B04-8D83F5BC2AD3}.Release|Any CPU.Build.0 = Release|Any CPU
	EndGlobalSection
	GlobalSection(SolutionProperties) = preSolution
		HideSolutionNode = FALSE
	EndGlobalSection
	GlobalSection(MonoDevelopProperties) = preSolution
		StartupItem = Assembly-CSharp.csproj
	EndGlobalSection
EndGlobal
